// !$*UTF8*$!
{
	archiveVersion = 1;
	classes = {
	};
	objectVersion = 55;
	objects = {

/* Begin PBXBuildFile section */
		D63D9FA328AC844000542129 /* GoogleService-Info.plist in Resources */ = {isa = PBXBuildFile; fileRef = D63D9FA228AC844000542129 /* GoogleService-Info.plist */; };
		D63D9FA628AC893200542129 /* FirebaseManager.swift in Sources */ = {isa = PBXBuildFile; fileRef = D63D9FA528AC893200542129 /* FirebaseManager.swift */; };
		D650B7FA28AC903700F4C1DA /* ImagePicker.swift in Sources */ = {isa = PBXBuildFile; fileRef = D650B7F928AC903700F4C1DA /* ImagePicker.swift */; };
		D650B7FD28ACC05000F4C1DA /* FirebaseAuth in Frameworks */ = {isa = PBXBuildFile; productRef = D650B7FC28ACC05000F4C1DA /* FirebaseAuth */; };
		D650B7FF28ACC05000F4C1DA /* FirebaseFirestore in Frameworks */ = {isa = PBXBuildFile; productRef = D650B7FE28ACC05000F4C1DA /* FirebaseFirestore */; };
		D650B80128ACC05000F4C1DA /* FirebaseStorage in Frameworks */ = {isa = PBXBuildFile; productRef = D650B80028ACC05000F4C1DA /* FirebaseStorage */; };
		D650B80628ACC95200F4C1DA /* MainMessagesView.swift in Sources */ = {isa = PBXBuildFile; fileRef = D650B80528ACC95200F4C1DA /* MainMessagesView.swift */; };
		D650B80828ADDCAD00F4C1DA /* CustomNavBar.swift in Sources */ = {isa = PBXBuildFile; fileRef = D650B80728ADDCAD00F4C1DA /* CustomNavBar.swift */; };
		D650B80A28ADDD9B00F4C1DA /* NewMessageButton.swift in Sources */ = {isa = PBXBuildFile; fileRef = D650B80928ADDD9B00F4C1DA /* NewMessageButton.swift */; };
		D650B80C28ADDDDA00F4C1DA /* MessageListView.swift in Sources */ = {isa = PBXBuildFile; fileRef = D650B80B28ADDDDA00F4C1DA /* MessageListView.swift */; };
		D650B80F28ADE37500F4C1DA /* MainMessagesViewModel.swift in Sources */ = {isa = PBXBuildFile; fileRef = D650B80E28ADE37500F4C1DA /* MainMessagesViewModel.swift */; };
		D650B81528ADFE7E00F4C1DA /* ChatUser.swift in Sources */ = {isa = PBXBuildFile; fileRef = D650B81428ADFE7E00F4C1DA /* ChatUser.swift */; };
		D6AFDEC128B35BEE00162EA9 /* CreateNewMessageView.swift in Sources */ = {isa = PBXBuildFile; fileRef = D6AFDEC028B35BEE00162EA9 /* CreateNewMessageView.swift */; };
		D6AFDEC528B3A6EC00162EA9 /* CreateNewMessageViewModel.swift in Sources */ = {isa = PBXBuildFile; fileRef = D6AFDEC428B3A6EC00162EA9 /* CreateNewMessageViewModel.swift */; };
		D6AFDEC728B46D0F00162EA9 /* ChatLogView.swift in Sources */ = {isa = PBXBuildFile; fileRef = D6AFDEC628B46D0F00162EA9 /* ChatLogView.swift */; };
		D6AFDEC928B4B8FB00162EA9 /* ChatBottomBarView.swift in Sources */ = {isa = PBXBuildFile; fileRef = D6AFDEC828B4B8FB00162EA9 /* ChatBottomBarView.swift */; };
		D6AFDECB28B4B92900162EA9 /* MessagesView.swift in Sources */ = {isa = PBXBuildFile; fileRef = D6AFDECA28B4B92900162EA9 /* MessagesView.swift */; };
		D6AFDECD28B5ADE000162EA9 /* ChatLogViewModel.swift in Sources */ = {isa = PBXBuildFile; fileRef = D6AFDECC28B5ADE000162EA9 /* ChatLogViewModel.swift */; };
		D6BC6C6D28ABB3810069942E /* FirebaseChatApp.swift in Sources */ = {isa = PBXBuildFile; fileRef = D6BC6C6C28ABB3810069942E /* FirebaseChatApp.swift */; };
		D6BC6C6F28ABB3810069942E /* LoginView.swift in Sources */ = {isa = PBXBuildFile; fileRef = D6BC6C6E28ABB3810069942E /* LoginView.swift */; };
		D6BC6C7128ABB3820069942E /* Assets.xcassets in Resources */ = {isa = PBXBuildFile; fileRef = D6BC6C7028ABB3820069942E /* Assets.xcassets */; };
		D6BC6C7428ABB3820069942E /* Preview Assets.xcassets in Resources */ = {isa = PBXBuildFile; fileRef = D6BC6C7328ABB3820069942E /* Preview Assets.xcassets */; };
/* End PBXBuildFile section */

/* Begin PBXFileReference section */
		D63D9FA228AC844000542129 /* GoogleService-Info.plist */ = {isa = PBXFileReference; fileEncoding = 4; lastKnownFileType = text.plist.xml; path = "GoogleService-Info.plist"; sourceTree = "<group>"; };
		D63D9FA528AC893200542129 /* FirebaseManager.swift */ = {isa = PBXFileReference; lastKnownFileType = sourcecode.swift; path = FirebaseManager.swift; sourceTree = "<group>"; };
		D650B7F928AC903700F4C1DA /* ImagePicker.swift */ = {isa = PBXFileReference; lastKnownFileType = sourcecode.swift; path = ImagePicker.swift; sourceTree = "<group>"; };
		D650B80528ACC95200F4C1DA /* MainMessagesView.swift */ = {isa = PBXFileReference; lastKnownFileType = sourcecode.swift; path = MainMessagesView.swift; sourceTree = "<group>"; };
		D650B80728ADDCAD00F4C1DA /* CustomNavBar.swift */ = {isa = PBXFileReference; lastKnownFileType = sourcecode.swift; path = CustomNavBar.swift; sourceTree = "<group>"; };
		D650B80928ADDD9B00F4C1DA /* NewMessageButton.swift */ = {isa = PBXFileReference; lastKnownFileType = sourcecode.swift; path = NewMessageButton.swift; sourceTree = "<group>"; };
		D650B80B28ADDDDA00F4C1DA /* MessageListView.swift */ = {isa = PBXFileReference; lastKnownFileType = sourcecode.swift; path = MessageListView.swift; sourceTree = "<group>"; };
		D650B80E28ADE37500F4C1DA /* MainMessagesViewModel.swift */ = {isa = PBXFileReference; lastKnownFileType = sourcecode.swift; path = MainMessagesViewModel.swift; sourceTree = "<group>"; };
		D650B81428ADFE7E00F4C1DA /* ChatUser.swift */ = {isa = PBXFileReference; lastKnownFileType = sourcecode.swift; path = ChatUser.swift; sourceTree = "<group>"; };
		D6AFDEC028B35BEE00162EA9 /* CreateNewMessageView.swift */ = {isa = PBXFileReference; lastKnownFileType = sourcecode.swift; path = CreateNewMessageView.swift; sourceTree = "<group>"; };
		D6AFDEC428B3A6EC00162EA9 /* CreateNewMessageViewModel.swift */ = {isa = PBXFileReference; lastKnownFileType = sourcecode.swift; path = CreateNewMessageViewModel.swift; sourceTree = "<group>"; };
		D6AFDEC628B46D0F00162EA9 /* ChatLogView.swift */ = {isa = PBXFileReference; lastKnownFileType = sourcecode.swift; path = ChatLogView.swift; sourceTree = "<group>"; };
		D6AFDEC828B4B8FB00162EA9 /* ChatBottomBarView.swift */ = {isa = PBXFileReference; lastKnownFileType = sourcecode.swift; path = ChatBottomBarView.swift; sourceTree = "<group>"; };
		D6AFDECA28B4B92900162EA9 /* MessagesView.swift */ = {isa = PBXFileReference; lastKnownFileType = sourcecode.swift; path = MessagesView.swift; sourceTree = "<group>"; };
		D6AFDECC28B5ADE000162EA9 /* ChatLogViewModel.swift */ = {isa = PBXFileReference; lastKnownFileType = sourcecode.swift; path = ChatLogViewModel.swift; sourceTree = "<group>"; };
		D6BC6C6928ABB3810069942E /* FirebaseChat.app */ = {isa = PBXFileReference; explicitFileType = wrapper.application; includeInIndex = 0; path = FirebaseChat.app; sourceTree = BUILT_PRODUCTS_DIR; };
		D6BC6C6C28ABB3810069942E /* FirebaseChatApp.swift */ = {isa = PBXFileReference; lastKnownFileType = sourcecode.swift; path = FirebaseChatApp.swift; sourceTree = "<group>"; };
		D6BC6C6E28ABB3810069942E /* LoginView.swift */ = {isa = PBXFileReference; lastKnownFileType = sourcecode.swift; path = LoginView.swift; sourceTree = "<group>"; };
		D6BC6C7028ABB3820069942E /* Assets.xcassets */ = {isa = PBXFileReference; lastKnownFileType = folder.assetcatalog; path = Assets.xcassets; sourceTree = "<group>"; };
		D6BC6C7328ABB3820069942E /* Preview Assets.xcassets */ = {isa = PBXFileReference; lastKnownFileType = folder.assetcatalog; path = "Preview Assets.xcassets"; sourceTree = "<group>"; };
/* End PBXFileReference section */

/* Begin PBXFrameworksBuildPhase section */
		D6BC6C6628ABB3810069942E /* Frameworks */ = {
			isa = PBXFrameworksBuildPhase;
			buildActionMask = 2147483647;
			files = (
				D650B7FD28ACC05000F4C1DA /* FirebaseAuth in Frameworks */,
				D650B7FF28ACC05000F4C1DA /* FirebaseFirestore in Frameworks */,
				D650B80128ACC05000F4C1DA /* FirebaseStorage in Frameworks */,
			);
			runOnlyForDeploymentPostprocessing = 0;
		};
/* End PBXFrameworksBuildPhase section */

/* Begin PBXGroup section */
		D63D9FA428AC844300542129 /* GoogleService */ = {
			isa = PBXGroup;
			children = (
				D63D9FA228AC844000542129 /* GoogleService-Info.plist */,
			);
			path = GoogleService;
			sourceTree = "<group>";
		};
		D63D9FA728AC8FFC00542129 /* Utils */ = {
			isa = PBXGroup;
			children = (
				D63D9FA528AC893200542129 /* FirebaseManager.swift */,
				D650B7F928AC903700F4C1DA /* ImagePicker.swift */,
			);
			path = Utils;
			sourceTree = "<group>";
		};
		D650B80228ACC93500F4C1DA /* Views */ = {
			isa = PBXGroup;
			children = (
				D6BC6C6E28ABB3810069942E /* LoginView.swift */,
				D650B80528ACC95200F4C1DA /* MainMessagesView.swift */,
				D650B80728ADDCAD00F4C1DA /* CustomNavBar.swift */,
				D650B80928ADDD9B00F4C1DA /* NewMessageButton.swift */,
				D650B80B28ADDDDA00F4C1DA /* MessageListView.swift */,
				D6AFDEC028B35BEE00162EA9 /* CreateNewMessageView.swift */,
				D6AFDEC628B46D0F00162EA9 /* ChatLogView.swift */,
				D6AFDEC828B4B8FB00162EA9 /* ChatBottomBarView.swift */,
				D6AFDECA28B4B92900162EA9 /* MessagesView.swift */,
			);
			path = Views;
			sourceTree = "<group>";
		};
		D650B80D28ADE34900F4C1DA /* ViewModels */ = {
			isa = PBXGroup;
			children = (
				D650B80E28ADE37500F4C1DA /* MainMessagesViewModel.swift */,
				D6AFDEC428B3A6EC00162EA9 /* CreateNewMessageViewModel.swift */,
				D6AFDECC28B5ADE000162EA9 /* ChatLogViewModel.swift */,
			);
			path = ViewModels;
			sourceTree = "<group>";
		};
		D650B81328ADFE7400F4C1DA /* Data */ = {
			isa = PBXGroup;
			children = (
				D650B81428ADFE7E00F4C1DA /* ChatUser.swift */,
			);
			path = Data;
			sourceTree = "<group>";
		};
		D6BC6C6028ABB3810069942E = {
			isa = PBXGroup;
			children = (
				D6BC6C6B28ABB3810069942E /* FirebaseChat */,
				D6BC6C6A28ABB3810069942E /* Products */,
			);
			sourceTree = "<group>";
		};
		D6BC6C6A28ABB3810069942E /* Products */ = {
			isa = PBXGroup;
			children = (
				D6BC6C6928ABB3810069942E /* FirebaseChat.app */,
			);
			name = Products;
			sourceTree = "<group>";
		};
		D6BC6C6B28ABB3810069942E /* FirebaseChat */ = {
			isa = PBXGroup;
			children = (
				D650B81328ADFE7400F4C1DA /* Data */,
				D650B80D28ADE34900F4C1DA /* ViewModels */,
				D650B80228ACC93500F4C1DA /* Views */,
				D63D9FA428AC844300542129 /* GoogleService */,
				D63D9FA728AC8FFC00542129 /* Utils */,
				D6BC6C6C28ABB3810069942E /* FirebaseChatApp.swift */,
				D6BC6C7028ABB3820069942E /* Assets.xcassets */,
				D6BC6C7228ABB3820069942E /* Preview Content */,
			);
			path = FirebaseChat;
			sourceTree = "<group>";
		};
		D6BC6C7228ABB3820069942E /* Preview Content */ = {
			isa = PBXGroup;
			children = (
				D6BC6C7328ABB3820069942E /* Preview Assets.xcassets */,
			);
			path = "Preview Content";
			sourceTree = "<group>";
		};
/* End PBXGroup section */

/* Begin PBXNativeTarget section */
		D6BC6C6828ABB3810069942E /* FirebaseChat */ = {
			isa = PBXNativeTarget;
			buildConfigurationList = D6BC6C7728ABB3820069942E /* Build configuration list for PBXNativeTarget "FirebaseChat" */;
			buildPhases = (
				D6BC6C6528ABB3810069942E /* Sources */,
				D6BC6C6628ABB3810069942E /* Frameworks */,
				D6BC6C6728ABB3810069942E /* Resources */,
			);
			buildRules = (
			);
			dependencies = (
			);
			name = FirebaseChat;
			packageProductDependencies = (
				D650B7FC28ACC05000F4C1DA /* FirebaseAuth */,
				D650B7FE28ACC05000F4C1DA /* FirebaseFirestore */,
				D650B80028ACC05000F4C1DA /* FirebaseStorage */,
			);
			productName = FirebaseChat;
			productReference = D6BC6C6928ABB3810069942E /* FirebaseChat.app */;
			productType = "com.apple.product-type.application";
		};
/* End PBXNativeTarget section */

/* Begin PBXProject section */
		D6BC6C6128ABB3810069942E /* Project object */ = {
			isa = PBXProject;
			attributes = {
				BuildIndependentTargetsInParallel = 1;
				LastSwiftUpdateCheck = 1340;
				LastUpgradeCheck = 1340;
				TargetAttributes = {
					D6BC6C6828ABB3810069942E = {
						CreatedOnToolsVersion = 13.4.1;
					};
				};
			};
			buildConfigurationList = D6BC6C6428ABB3810069942E /* Build configuration list for PBXProject "FirebaseChat" */;
			compatibilityVersion = "Xcode 13.0";
			developmentRegion = en;
			hasScannedForEncodings = 0;
			knownRegions = (
				en,
				Base,
			);
			mainGroup = D6BC6C6028ABB3810069942E;
			packageReferences = (
				D650B7FB28ACC05000F4C1DA /* XCRemoteSwiftPackageReference "firebase-ios-sdk" */,
			);
			productRefGroup = D6BC6C6A28ABB3810069942E /* Products */;
			projectDirPath = "";
			projectRoot = "";
			targets = (
				D6BC6C6828ABB3810069942E /* FirebaseChat */,
			);
		};
/* End PBXProject section */

/* Begin PBXResourcesBuildPhase section */
		D6BC6C6728ABB3810069942E /* Resources */ = {
			isa = PBXResourcesBuildPhase;
			buildActionMask = 2147483647;
			files = (
				D6BC6C7428ABB3820069942E /* Preview Assets.xcassets in Resources */,
				D6BC6C7128ABB3820069942E /* Assets.xcassets in Resources */,
				D63D9FA328AC844000542129 /* GoogleService-Info.plist in Resources */,
			);
			runOnlyForDeploymentPostprocessing = 0;
		};
/* End PBXResourcesBuildPhase section */

/* Begin PBXSourcesBuildPhase section */
		D6BC6C6528ABB3810069942E /* Sources */ = {
			isa = PBXSourcesBuildPhase;
			buildActionMask = 2147483647;
			files = (
				D6AFDEC728B46D0F00162EA9 /* ChatLogView.swift in Sources */,
				D650B80A28ADDD9B00F4C1DA /* NewMessageButton.swift in Sources */,
				D6AFDEC528B3A6EC00162EA9 /* CreateNewMessageViewModel.swift in Sources */,
				D650B80828ADDCAD00F4C1DA /* CustomNavBar.swift in Sources */,
				D63D9FA628AC893200542129 /* FirebaseManager.swift in Sources */,
				D6AFDECB28B4B92900162EA9 /* MessagesView.swift in Sources */,
				D650B7FA28AC903700F4C1DA /* ImagePicker.swift in Sources */,
				D650B81528ADFE7E00F4C1DA /* ChatUser.swift in Sources */,
				D6AFDEC928B4B8FB00162EA9 /* ChatBottomBarView.swift in Sources */,
				D6AFDEC128B35BEE00162EA9 /* CreateNewMessageView.swift in Sources */,
				D650B80C28ADDDDA00F4C1DA /* MessageListView.swift in Sources */,
				D650B80F28ADE37500F4C1DA /* MainMessagesViewModel.swift in Sources */,
				D6BC6C6F28ABB3810069942E /* LoginView.swift in Sources */,
				D6BC6C6D28ABB3810069942E /* FirebaseChatApp.swift in Sources */,
				D650B80628ACC95200F4C1DA /* MainMessagesView.swift in Sources */,
				D6AFDECD28B5ADE000162EA9 /* ChatLogViewModel.swift in Sources */,
			);
			runOnlyForDeploymentPostprocessing = 0;
		};
/* End PBXSourcesBuildPhase section */

/* Begin XCBuildConfiguration section */
		D6BC6C7528ABB3820069942E /* Debug */ = {
			isa = XCBuildConfiguration;
			buildSettings = {
				ALWAYS_SEARCH_USER_PATHS = NO;
				CLANG_ANALYZER_NONNULL = YES;
				CLANG_ANALYZER_NUMBER_OBJECT_CONVERSION = YES_AGGRESSIVE;
				CLANG_CXX_LANGUAGE_STANDARD = "gnu++17";
				CLANG_ENABLE_MODULES = YES;
				CLANG_ENABLE_OBJC_ARC = YES;
				CLANG_ENABLE_OBJC_WEAK = YES;
				CLANG_WARN_BLOCK_CAPTURE_AUTORELEASING = YES;
				CLANG_WARN_BOOL_CONVERSION = YES;
				CLANG_WARN_COMMA = YES;
				CLANG_WARN_CONSTANT_CONVERSION = YES;
				CLANG_WARN_DEPRECATED_OBJC_IMPLEMENTATIONS = YES;
				CLANG_WARN_DIRECT_OBJC_ISA_USAGE = YES_ERROR;
				CLANG_WARN_DOCUMENTATION_COMMENTS = YES;
				CLANG_WARN_EMPTY_BODY = YES;
				CLANG_WARN_ENUM_CONVERSION = YES;
				CLANG_WARN_INFINITE_RECURSION = YES;
				CLANG_WARN_INT_CONVERSION = YES;
				CLANG_WARN_NON_LITERAL_NULL_CONVERSION = YES;
				CLANG_WARN_OBJC_IMPLICIT_RETAIN_SELF = YES;
				CLANG_WARN_OBJC_LITERAL_CONVERSION = YES;
				CLANG_WARN_OBJC_ROOT_CLASS = YES_ERROR;
				CLANG_WARN_QUOTED_INCLUDE_IN_FRAMEWORK_HEADER = YES;
				CLANG_WARN_RANGE_LOOP_ANALYSIS = YES;
				CLANG_WARN_STRICT_PROTOTYPES = YES;
				CLANG_WARN_SUSPICIOUS_MOVE = YES;
				CLANG_WARN_UNGUARDED_AVAILABILITY = YES_AGGRESSIVE;
				CLANG_WARN_UNREACHABLE_CODE = YES;
				CLANG_WARN__DUPLICATE_METHOD_MATCH = YES;
				COPY_PHASE_STRIP = NO;
				DEBUG_INFORMATION_FORMAT = dwarf;
				ENABLE_STRICT_OBJC_MSGSEND = YES;
				ENABLE_TESTABILITY = YES;
				GCC_C_LANGUAGE_STANDARD = gnu11;
				GCC_DYNAMIC_NO_PIC = NO;
				GCC_NO_COMMON_BLOCKS = YES;
				GCC_OPTIMIZATION_LEVEL = 0;
				GCC_PREPROCESSOR_DEFINITIONS = (
					"DEBUG=1",
					"$(inherited)",
				);
				GCC_WARN_64_TO_32_BIT_CONVERSION = YES;
				GCC_WARN_ABOUT_RETURN_TYPE = YES_ERROR;
				GCC_WARN_UNDECLARED_SELECTOR = YES;
				GCC_WARN_UNINITIALIZED_AUTOS = YES_AGGRESSIVE;
				GCC_WARN_UNUSED_FUNCTION = YES;
				GCC_WARN_UNUSED_VARIABLE = YES;
				IPHONEOS_DEPLOYMENT_TARGET = 15.5;
				MTL_ENABLE_DEBUG_INFO = INCLUDE_SOURCE;
				MTL_FAST_MATH = YES;
				ONLY_ACTIVE_ARCH = YES;
				SDKROOT = iphoneos;
				SWIFT_ACTIVE_COMPILATION_CONDITIONS = DEBUG;
				SWIFT_OPTIMIZATION_LEVEL = "-Onone";
			};
			name = Debug;
		};
		D6BC6C7628ABB3820069942E /* Release */ = {
			isa = XCBuildConfiguration;
			buildSettings = {
				ALWAYS_SEARCH_USER_PATHS = NO;
				CLANG_ANALYZER_NONNULL = YES;
				CLANG_ANALYZER_NUMBER_OBJECT_CONVERSION = YES_AGGRESSIVE;
				CLANG_CXX_LANGUAGE_STANDARD = "gnu++17";
				CLANG_ENABLE_MODULES = YES;
				CLANG_ENABLE_OBJC_ARC = YES;
				CLANG_ENABLE_OBJC_WEAK = YES;
				CLANG_WARN_BLOCK_CAPTURE_AUTORELEASING = YES;
				CLANG_WARN_BOOL_CONVERSION = YES;
				CLANG_WARN_COMMA = YES;
				CLANG_WARN_CONSTANT_CONVERSION = YES;
				CLANG_WARN_DEPRECATED_OBJC_IMPLEMENTATIONS = YES;
				CLANG_WARN_DIRECT_OBJC_ISA_USAGE = YES_ERROR;
				CLANG_WARN_DOCUMENTATION_COMMENTS = YES;
				CLANG_WARN_EMPTY_BODY = YES;
				CLANG_WARN_ENUM_CONVERSION = YES;
				CLANG_WARN_INFINITE_RECURSION = YES;
				CLANG_WARN_INT_CONVERSION = YES;
				CLANG_WARN_NON_LITERAL_NULL_CONVERSION = YES;
				CLANG_WARN_OBJC_IMPLICIT_RETAIN_SELF = YES;
				CLANG_WARN_OBJC_LITERAL_CONVERSION = YES;
				CLANG_WARN_OBJC_ROOT_CLASS = YES_ERROR;
				CLANG_WARN_QUOTED_INCLUDE_IN_FRAMEWORK_HEADER = YES;
				CLANG_WARN_RANGE_LOOP_ANALYSIS = YES;
				CLANG_WARN_STRICT_PROTOTYPES = YES;
				CLANG_WARN_SUSPICIOUS_MOVE = YES;
				CLANG_WARN_UNGUARDED_AVAILABILITY = YES_AGGRESSIVE;
				CLANG_WARN_UNREACHABLE_CODE = YES;
				CLANG_WARN__DUPLICATE_METHOD_MATCH = YES;
				COPY_PHASE_STRIP = NO;
				DEBUG_INFORMATION_FORMAT = "dwarf-with-dsym";
				ENABLE_NS_ASSERTIONS = NO;
				ENABLE_STRICT_OBJC_MSGSEND = YES;
				GCC_C_LANGUAGE_STANDARD = gnu11;
				GCC_NO_COMMON_BLOCKS = YES;
				GCC_WARN_64_TO_32_BIT_CONVERSION = YES;
				GCC_WARN_ABOUT_RETURN_TYPE = YES_ERROR;
				GCC_WARN_UNDECLARED_SELECTOR = YES;
				GCC_WARN_UNINITIALIZED_AUTOS = YES_AGGRESSIVE;
				GCC_WARN_UNUSED_FUNCTION = YES;
				GCC_WARN_UNUSED_VARIABLE = YES;
				IPHONEOS_DEPLOYMENT_TARGET = 15.5;
				MTL_ENABLE_DEBUG_INFO = NO;
				MTL_FAST_MATH = YES;
				SDKROOT = iphoneos;
				SWIFT_COMPILATION_MODE = wholemodule;
				SWIFT_OPTIMIZATION_LEVEL = "-O";
				VALIDATE_PRODUCT = YES;
			};
			name = Release;
		};
		D6BC6C7828ABB3820069942E /* Debug */ = {
			isa = XCBuildConfiguration;
			buildSettings = {
				ASSETCATALOG_COMPILER_APPICON_NAME = AppIcon;
				ASSETCATALOG_COMPILER_GLOBAL_ACCENT_COLOR_NAME = AccentColor;
				CODE_SIGN_STYLE = Automatic;
				CURRENT_PROJECT_VERSION = 1;
				DEVELOPMENT_ASSET_PATHS = "\"FirebaseChat/Preview Content\"";
				DEVELOPMENT_TEAM = M49GZVCJ3B;
				ENABLE_PREVIEWS = YES;
				GENERATE_INFOPLIST_FILE = YES;
				INFOPLIST_KEY_UIApplicationSceneManifest_Generation = YES;
				INFOPLIST_KEY_UIApplicationSupportsIndirectInputEvents = YES;
				INFOPLIST_KEY_UILaunchScreen_Generation = YES;
				INFOPLIST_KEY_UISupportedInterfaceOrientations_iPad = "UIInterfaceOrientationPortrait UIInterfaceOrientationPortraitUpsideDown UIInterfaceOrientationLandscapeLeft UIInterfaceOrientationLandscapeRight";
				INFOPLIST_KEY_UISupportedInterfaceOrientations_iPhone = "UIInterfaceOrientationPortrait UIInterfaceOrientationLandscapeLeft UIInterfaceOrientationLandscapeRight";
				LD_RUNPATH_SEARCH_PATHS = (
					"$(inherited)",
					"@executable_path/Frameworks",
				);
				MARKETING_VERSION = 1.0;
				PRODUCT_BUNDLE_IDENTIFIER = com.asleep.FirebaseChat;
				PRODUCT_NAME = "$(TARGET_NAME)";
				SWIFT_EMIT_LOC_STRINGS = YES;
				SWIFT_VERSION = 5.0;
				TARGETED_DEVICE_FAMILY = "1,2";
			};
			name = Debug;
		};
		D6BC6C7928ABB3820069942E /* Release */ = {
			isa = XCBuildConfiguration;
			buildSettings = {
				ASSETCATALOG_COMPILER_APPICON_NAME = AppIcon;
				ASSETCATALOG_COMPILER_GLOBAL_ACCENT_COLOR_NAME = AccentColor;
				CODE_SIGN_STYLE = Automatic;
				CURRENT_PROJECT_VERSION = 1;
				DEVELOPMENT_ASSET_PATHS = "\"FirebaseChat/Preview Content\"";
				DEVELOPMENT_TEAM = M49GZVCJ3B;
				ENABLE_PREVIEWS = YES;
				GENERATE_INFOPLIST_FILE = YES;
				INFOPLIST_KEY_UIApplicationSceneManifest_Generation = YES;
				INFOPLIST_KEY_UIApplicationSupportsIndirectInputEvents = YES;
				INFOPLIST_KEY_UILaunchScreen_Generation = YES;
				INFOPLIST_KEY_UISupportedInterfaceOrientations_iPad = "UIInterfaceOrientationPortrait UIInterfaceOrientationPortraitUpsideDown UIInterfaceOrientationLandscapeLeft UIInterfaceOrientationLandscapeRight";
				INFOPLIST_KEY_UISupportedInterfaceOrientations_iPhone = "UIInterfaceOrientationPortrait UIInterfaceOrientationLandscapeLeft UIInterfaceOrientationLandscapeRight";
				LD_RUNPATH_SEARCH_PATHS = (
					"$(inherited)",
					"@executable_path/Frameworks",
				);
				MARKETING_VERSION = 1.0;
				PRODUCT_BUNDLE_IDENTIFIER = com.asleep.FirebaseChat;
				PRODUCT_NAME = "$(TARGET_NAME)";
				SWIFT_EMIT_LOC_STRINGS = YES;
				SWIFT_VERSION = 5.0;
				TARGETED_DEVICE_FAMILY = "1,2";
			};
			name = Release;
		};
/* End XCBuildConfiguration section */

/* Begin XCConfigurationList section */
		D6BC6C6428ABB3810069942E /* Build configuration list for PBXProject "FirebaseChat" */ = {
			isa = XCConfigurationList;
			buildConfigurations = (
				D6BC6C7528ABB3820069942E /* Debug */,
				D6BC6C7628ABB3820069942E /* Release */,
			);
			defaultConfigurationIsVisible = 0;
			defaultConfigurationName = Release;
		};
		D6BC6C7728ABB3820069942E /* Build configuration list for PBXNativeTarget "FirebaseChat" */ = {
			isa = XCConfigurationList;
			buildConfigurations = (
				D6BC6C7828ABB3820069942E /* Debug */,
				D6BC6C7928ABB3820069942E /* Release */,
			);
			defaultConfigurationIsVisible = 0;
			defaultConfigurationName = Release;
		};
/* End XCConfigurationList section */

/* Begin XCRemoteSwiftPackageReference section */
		D650B7FB28ACC05000F4C1DA /* XCRemoteSwiftPackageReference "firebase-ios-sdk" */ = {
			isa = XCRemoteSwiftPackageReference;
			repositoryURL = "https://github.com/firebase/firebase-ios-sdk.git";
			requirement = {
				branch = master;
				kind = branch;
			};
		};
/* End XCRemoteSwiftPackageReference section */

/* Begin XCSwiftPackageProductDependency section */
		D650B7FC28ACC05000F4C1DA /* FirebaseAuth */ = {
			isa = XCSwiftPackageProductDependency;
			package = D650B7FB28ACC05000F4C1DA /* XCRemoteSwiftPackageReference "firebase-ios-sdk" */;
			productName = FirebaseAuth;
		};
		D650B7FE28ACC05000F4C1DA /* FirebaseFirestore */ = {
			isa = XCSwiftPackageProductDependency;
			package = D650B7FB28ACC05000F4C1DA /* XCRemoteSwiftPackageReference "firebase-ios-sdk" */;
			productName = FirebaseFirestore;
		};
		D650B80028ACC05000F4C1DA /* FirebaseStorage */ = {
			isa = XCSwiftPackageProductDependency;
			package = D650B7FB28ACC05000F4C1DA /* XCRemoteSwiftPackageReference "firebase-ios-sdk" */;
			productName = FirebaseStorage;
		};
/* End XCSwiftPackageProductDependency section */
	};
	rootObject = D6BC6C6128ABB3810069942E /* Project object */;
}
